// !$*UTF8*$!
{
	archiveVersion = 1;
	classes = {
	};
	objectVersion = 46;
	objects = {

/* Begin PBXBuildFile section */
		710A70F91C04858C0059FB6F /* YWMainViewController.m in Sources */ = {isa = PBXBuildFile; fileRef = 710A70F81C04858C0059FB6F /* YWMainViewController.m */; };
		713935601F540AF300FC32F5 /* YWAPIKeyProvider.swift in Sources */ = {isa = PBXBuildFile; fileRef = 7139355F1F540AF300FC32F5 /* YWAPIKeyProvider.swift */; };
		713935661F55045B00FC32F5 /* YWAPIManager.m in Sources */ = {isa = PBXBuildFile; fileRef = 713935651F55045B00FC32F5 /* YWAPIManager.m */; };
		7194361C1BF0668100B9D921 /* main.m in Sources */ = {isa = PBXBuildFile; fileRef = 7194361B1BF0668100B9D921 /* main.m */; };
		7194361F1BF0668100B9D921 /* AppDelegate.m in Sources */ = {isa = PBXBuildFile; fileRef = 7194361E1BF0668100B9D921 /* AppDelegate.m */; };
		719436211BF0668100B9D921 /* Assets.xcassets in Resources */ = {isa = PBXBuildFile; fileRef = 719436201BF0668100B9D921 /* Assets.xcassets */; };
		719436241BF0668100B9D921 /* LaunchScreen.storyboard in Resources */ = {isa = PBXBuildFile; fileRef = 719436221BF0668100B9D921 /* LaunchScreen.storyboard */; };
		7194364C1BF06ADF00B9D921 /* weather-broken.png in Resources */ = {isa = PBXBuildFile; fileRef = 719436321BF06ADF00B9D921 /* weather-broken.png */; };
		7194364D1BF06ADF00B9D921 /* weather-broken@2x.png in Resources */ = {isa = PBXBuildFile; fileRef = 719436331BF06ADF00B9D921 /* weather-broken@2x.png */; };
		7194364E1BF06ADF00B9D921 /* weather-clear.png in Resources */ = {isa = PBXBuildFile; fileRef = 719436341BF06ADF00B9D921 /* weather-clear.png */; };
		7194364F1BF06ADF00B9D921 /* weather-clear@2x.png in Resources */ = {isa = PBXBuildFile; fileRef = 719436351BF06ADF00B9D921 /* weather-clear@2x.png */; };
		719436501BF06ADF00B9D921 /* weather-few-night.png in Resources */ = {isa = PBXBuildFile; fileRef = 719436361BF06ADF00B9D921 /* weather-few-night.png */; };
		719436511BF06ADF00B9D921 /* weather-few-night@2x.png in Resources */ = {isa = PBXBuildFile; fileRef = 719436371BF06ADF00B9D921 /* weather-few-night@2x.png */; };
		719436521BF06ADF00B9D921 /* weather-few.png in Resources */ = {isa = PBXBuildFile; fileRef = 719436381BF06ADF00B9D921 /* weather-few.png */; };
		719436531BF06ADF00B9D921 /* weather-few@2x.png in Resources */ = {isa = PBXBuildFile; fileRef = 719436391BF06ADF00B9D921 /* weather-few@2x.png */; };
		719436541BF06ADF00B9D921 /* weather-mist.png in Resources */ = {isa = PBXBuildFile; fileRef = 7194363A1BF06ADF00B9D921 /* weather-mist.png */; };
		719436551BF06ADF00B9D921 /* weather-mist@2x.png in Resources */ = {isa = PBXBuildFile; fileRef = 7194363B1BF06ADF00B9D921 /* weather-mist@2x.png */; };
		719436561BF06ADF00B9D921 /* weather-moon.png in Resources */ = {isa = PBXBuildFile; fileRef = 7194363C1BF06ADF00B9D921 /* weather-moon.png */; };
		719436571BF06ADF00B9D921 /* weather-moon@2x.png in Resources */ = {isa = PBXBuildFile; fileRef = 7194363D1BF06ADF00B9D921 /* weather-moon@2x.png */; };
		719436581BF06ADF00B9D921 /* weather-rain-night.png in Resources */ = {isa = PBXBuildFile; fileRef = 7194363E1BF06ADF00B9D921 /* weather-rain-night.png */; };
		719436591BF06ADF00B9D921 /* weather-rain-night@2x.png in Resources */ = {isa = PBXBuildFile; fileRef = 7194363F1BF06ADF00B9D921 /* weather-rain-night@2x.png */; };
		7194365A1BF06ADF00B9D921 /* weather-rain.png in Resources */ = {isa = PBXBuildFile; fileRef = 719436401BF06ADF00B9D921 /* weather-rain.png */; };
		7194365B1BF06ADF00B9D921 /* weather-rain@2x.png in Resources */ = {isa = PBXBuildFile; fileRef = 719436411BF06ADF00B9D921 /* weather-rain@2x.png */; };
		7194365C1BF06ADF00B9D921 /* weather-scattered.png in Resources */ = {isa = PBXBuildFile; fileRef = 719436421BF06ADF00B9D921 /* weather-scattered.png */; };
		7194365D1BF06ADF00B9D921 /* weather-scattered@2x.png in Resources */ = {isa = PBXBuildFile; fileRef = 719436431BF06ADF00B9D921 /* weather-scattered@2x.png */; };
		7194365E1BF06ADF00B9D921 /* weather-shower.png in Resources */ = {isa = PBXBuildFile; fileRef = 719436441BF06ADF00B9D921 /* weather-shower.png */; };
		7194365F1BF06ADF00B9D921 /* weather-shower@2x.png in Resources */ = {isa = PBXBuildFile; fileRef = 719436451BF06ADF00B9D921 /* weather-shower@2x.png */; };
		719436601BF06ADF00B9D921 /* weather-snow.png in Resources */ = {isa = PBXBuildFile; fileRef = 719436461BF06ADF00B9D921 /* weather-snow.png */; };
		719436611BF06ADF00B9D921 /* weather-snow@2x.png in Resources */ = {isa = PBXBuildFile; fileRef = 719436471BF06ADF00B9D921 /* weather-snow@2x.png */; };
		719436621BF06ADF00B9D921 /* weather-tstorm.png in Resources */ = {isa = PBXBuildFile; fileRef = 719436481BF06ADF00B9D921 /* weather-tstorm.png */; };
		719436631BF06ADF00B9D921 /* weather-tstorm@2x.png in Resources */ = {isa = PBXBuildFile; fileRef = 719436491BF06ADF00B9D921 /* weather-tstorm@2x.png */; };
		719436691BF0BC5500B9D921 /* YWManager.m in Sources */ = {isa = PBXBuildFile; fileRef = 719436681BF0BC5500B9D921 /* YWManager.m */; };
		7194366C1BF0BC7700B9D921 /* YWCondition.m in Sources */ = {isa = PBXBuildFile; fileRef = 7194366B1BF0BC7700B9D921 /* YWCondition.m */; };
		7194366F1BF0BCA000B9D921 /* YWDailyForecast.m in Sources */ = {isa = PBXBuildFile; fileRef = 7194366E1BF0BCA000B9D921 /* YWDailyForecast.m */; };
		71C4C3D11C005406005C0B20 /* YWLeftPanelViewController.m in Sources */ = {isa = PBXBuildFile; fileRef = 71C4C3CF1C005406005C0B20 /* YWLeftPanelViewController.m */; };
		71C4C3D71C00549C005C0B20 /* YWCitySearchingViewController.xib in Resources */ = {isa = PBXBuildFile; fileRef = 71C4C3D51C00549C005C0B20 /* YWCitySearchingViewController.xib */; };
		71C4C3DC1C0054D0005C0B20 /* YWLocationListViewController.xib in Resources */ = {isa = PBXBuildFile; fileRef = 71C4C3DA1C0054D0005C0B20 /* YWLocationListViewController.xib */; };
		71FBC1871C008E2D00A5E78D /* YWLocationListViewController.m in Sources */ = {isa = PBXBuildFile; fileRef = 71FBC1861C008E2D00A5E78D /* YWLocationListViewController.m */; };
		71FBC18A1C008E4C00A5E78D /* YWCitySearchingViewController.m in Sources */ = {isa = PBXBuildFile; fileRef = 71FBC1891C008E4C00A5E78D /* YWCitySearchingViewController.m */; };
		71FBC18D1C008E6100A5E78D /* YWSettingsViewController.m in Sources */ = {isa = PBXBuildFile; fileRef = 71FBC18C1C008E6100A5E78D /* YWSettingsViewController.m */; };
		71FBC1901C008E8000A5E78D /* YWCenterViewController.m in Sources */ = {isa = PBXBuildFile; fileRef = 71FBC18F1C008E8000A5E78D /* YWCenterViewController.m */; };
		71FBC1951C00F68100A5E78D /* YWWeatherInfoCell.m in Sources */ = {isa = PBXBuildFile; fileRef = 71FBC1941C00F68100A5E78D /* YWWeatherInfoCell.m */; };
		F74EB531D6F8A52CCA8D5479 /* libPods-YahooWeather.a in Frameworks */ = {isa = PBXBuildFile; fileRef = 7FB86D9D6F5E4E7E8F9E4F59 /* libPods-YahooWeather.a */; };
/* End PBXBuildFile section */

/* Begin PBXFileReference section */
		0DC4533DD4843B14D305D67E /* Pods-YahooWeather.debug.xcconfig */ = {isa = PBXFileReference; includeInIndex = 1; lastKnownFileType = text.xcconfig; name = "Pods-YahooWeather.debug.xcconfig"; path = "Pods/Target Support Files/Pods-YahooWeather/Pods-YahooWeather.debug.xcconfig"; sourceTree = "<group>"; };
		710A70F71C04858C0059FB6F /* YWMainViewController.h */ = {isa = PBXFileReference; fileEncoding = 4; lastKnownFileType = sourcecode.c.h; path = YWMainViewController.h; sourceTree = "<group>"; };
		710A70F81C04858C0059FB6F /* YWMainViewController.m */ = {isa = PBXFileReference; fileEncoding = 4; lastKnownFileType = sourcecode.c.objc; path = YWMainViewController.m; sourceTree = "<group>"; };
		7139355E1F540AF200FC32F5 /* YahooWeather-Bridging-Header.h */ = {isa = PBXFileReference; lastKnownFileType = sourcecode.c.h; path = "YahooWeather-Bridging-Header.h"; sourceTree = "<group>"; };
		7139355F1F540AF300FC32F5 /* YWAPIKeyProvider.swift */ = {isa = PBXFileReference; fileEncoding = 4; lastKnownFileType = sourcecode.swift; path = YWAPIKeyProvider.swift; sourceTree = "<group>"; };
		713935641F55045B00FC32F5 /* YWAPIManager.h */ = {isa = PBXFileReference; fileEncoding = 4; lastKnownFileType = sourcecode.c.h; path = YWAPIManager.h; sourceTree = "<group>"; };
		713935651F55045B00FC32F5 /* YWAPIManager.m */ = {isa = PBXFileReference; fileEncoding = 4; lastKnownFileType = sourcecode.c.objc; path = YWAPIManager.m; sourceTree = "<group>"; };
		719436171BF0668100B9D921 /* YahooWeather.app */ = {isa = PBXFileReference; explicitFileType = wrapper.application; includeInIndex = 0; path = YahooWeather.app; sourceTree = BUILT_PRODUCTS_DIR; };
		7194361B1BF0668100B9D921 /* main.m */ = {isa = PBXFileReference; lastKnownFileType = sourcecode.c.objc; path = main.m; sourceTree = "<group>"; };
		7194361D1BF0668100B9D921 /* AppDelegate.h */ = {isa = PBXFileReference; lastKnownFileType = sourcecode.c.h; path = AppDelegate.h; sourceTree = "<group>"; };
		7194361E1BF0668100B9D921 /* AppDelegate.m */ = {isa = PBXFileReference; lastKnownFileType = sourcecode.c.objc; path = AppDelegate.m; sourceTree = "<group>"; };
		719436201BF0668100B9D921 /* Assets.xcassets */ = {isa = PBXFileReference; lastKnownFileType = folder.assetcatalog; path = Assets.xcassets; sourceTree = "<group>"; };
		719436231BF0668100B9D921 /* Base */ = {isa = PBXFileReference; lastKnownFileType = file.storyboard; name = Base; path = Base.lproj/LaunchScreen.storyboard; sourceTree = "<group>"; };
		719436251BF0668100B9D921 /* Info.plist */ = {isa = PBXFileReference; lastKnownFileType = text.plist.xml; path = Info.plist; sourceTree = "<group>"; };
		719436321BF06ADF00B9D921 /* weather-broken.png */ = {isa = PBXFileReference; lastKnownFileType = image.png; path = "weather-broken.png"; sourceTree = "<group>"; };
		719436331BF06ADF00B9D921 /* weather-broken@2x.png */ = {isa = PBXFileReference; lastKnownFileType = image.png; path = "weather-broken@2x.png"; sourceTree = "<group>"; };
		719436341BF06ADF00B9D921 /* weather-clear.png */ = {isa = PBXFileReference; lastKnownFileType = image.png; path = "weather-clear.png"; sourceTree = "<group>"; };
		719436351BF06ADF00B9D921 /* weather-clear@2x.png */ = {isa = PBXFileReference; lastKnownFileType = image.png; path = "weather-clear@2x.png"; sourceTree = "<group>"; };
		719436361BF06ADF00B9D921 /* weather-few-night.png */ = {isa = PBXFileReference; lastKnownFileType = image.png; path = "weather-few-night.png"; sourceTree = "<group>"; };
		719436371BF06ADF00B9D921 /* weather-few-night@2x.png */ = {isa = PBXFileReference; lastKnownFileType = image.png; path = "weather-few-night@2x.png"; sourceTree = "<group>"; };
		719436381BF06ADF00B9D921 /* weather-few.png */ = {isa = PBXFileReference; lastKnownFileType = image.png; path = "weather-few.png"; sourceTree = "<group>"; };
		719436391BF06ADF00B9D921 /* weather-few@2x.png */ = {isa = PBXFileReference; lastKnownFileType = image.png; path = "weather-few@2x.png"; sourceTree = "<group>"; };
		7194363A1BF06ADF00B9D921 /* weather-mist.png */ = {isa = PBXFileReference; lastKnownFileType = image.png; path = "weather-mist.png"; sourceTree = "<group>"; };
		7194363B1BF06ADF00B9D921 /* weather-mist@2x.png */ = {isa = PBXFileReference; lastKnownFileType = image.png; path = "weather-mist@2x.png"; sourceTree = "<group>"; };
		7194363C1BF06ADF00B9D921 /* weather-moon.png */ = {isa = PBXFileReference; lastKnownFileType = image.png; path = "weather-moon.png"; sourceTree = "<group>"; };
		7194363D1BF06ADF00B9D921 /* weather-moon@2x.png */ = {isa = PBXFileReference; lastKnownFileType = image.png; path = "weather-moon@2x.png"; sourceTree = "<group>"; };
		7194363E1BF06ADF00B9D921 /* weather-rain-night.png */ = {isa = PBXFileReference; lastKnownFileType = image.png; path = "weather-rain-night.png"; sourceTree = "<group>"; };
		7194363F1BF06ADF00B9D921 /* weather-rain-night@2x.png */ = {isa = PBXFileReference; lastKnownFileType = image.png; path = "weather-rain-night@2x.png"; sourceTree = "<group>"; };
		719436401BF06ADF00B9D921 /* weather-rain.png */ = {isa = PBXFileReference; lastKnownFileType = image.png; path = "weather-rain.png"; sourceTree = "<group>"; };
		719436411BF06ADF00B9D921 /* weather-rain@2x.png */ = {isa = PBXFileReference; lastKnownFileType = image.png; path = "weather-rain@2x.png"; sourceTree = "<group>"; };
		719436421BF06ADF00B9D921 /* weather-scattered.png */ = {isa = PBXFileReference; lastKnownFileType = image.png; path = "weather-scattered.png"; sourceTree = "<group>"; };
		719436431BF06ADF00B9D921 /* weather-scattered@2x.png */ = {isa = PBXFileReference; lastKnownFileType = image.png; path = "weather-scattered@2x.png"; sourceTree = "<group>"; };
		719436441BF06ADF00B9D921 /* weather-shower.png */ = {isa = PBXFileReference; lastKnownFileType = image.png; path = "weather-shower.png"; sourceTree = "<group>"; };
		719436451BF06ADF00B9D921 /* weather-shower@2x.png */ = {isa = PBXFileReference; lastKnownFileType = image.png; path = "weather-shower@2x.png"; sourceTree = "<group>"; };
		719436461BF06ADF00B9D921 /* weather-snow.png */ = {isa = PBXFileReference; lastKnownFileType = image.png; path = "weather-snow.png"; sourceTree = "<group>"; };
		719436471BF06ADF00B9D921 /* weather-snow@2x.png */ = {isa = PBXFileReference; lastKnownFileType = image.png; path = "weather-snow@2x.png"; sourceTree = "<group>"; };
		719436481BF06ADF00B9D921 /* weather-tstorm.png */ = {isa = PBXFileReference; lastKnownFileType = image.png; path = "weather-tstorm.png"; sourceTree = "<group>"; };
		719436491BF06ADF00B9D921 /* weather-tstorm@2x.png */ = {isa = PBXFileReference; lastKnownFileType = image.png; path = "weather-tstorm@2x.png"; sourceTree = "<group>"; };
		719436671BF0BC5500B9D921 /* YWManager.h */ = {isa = PBXFileReference; fileEncoding = 4; lastKnownFileType = sourcecode.c.h; path = YWManager.h; sourceTree = "<group>"; };
		719436681BF0BC5500B9D921 /* YWManager.m */ = {isa = PBXFileReference; fileEncoding = 4; lastKnownFileType = sourcecode.c.objc; path = YWManager.m; sourceTree = "<group>"; };
		7194366A1BF0BC7700B9D921 /* YWCondition.h */ = {isa = PBXFileReference; fileEncoding = 4; lastKnownFileType = sourcecode.c.h; path = YWCondition.h; sourceTree = "<group>"; };
		7194366B1BF0BC7700B9D921 /* YWCondition.m */ = {isa = PBXFileReference; fileEncoding = 4; lastKnownFileType = sourcecode.c.objc; path = YWCondition.m; sourceTree = "<group>"; };
		7194366D1BF0BCA000B9D921 /* YWDailyForecast.h */ = {isa = PBXFileReference; fileEncoding = 4; lastKnownFileType = sourcecode.c.h; path = YWDailyForecast.h; sourceTree = "<group>"; };
		7194366E1BF0BCA000B9D921 /* YWDailyForecast.m */ = {isa = PBXFileReference; fileEncoding = 4; lastKnownFileType = sourcecode.c.objc; path = YWDailyForecast.m; sourceTree = "<group>"; };
		71C4C3CE1C005406005C0B20 /* YWLeftPanelViewController.h */ = {isa = PBXFileReference; fileEncoding = 4; lastKnownFileType = sourcecode.c.h; path = YWLeftPanelViewController.h; sourceTree = "<group>"; };
		71C4C3CF1C005406005C0B20 /* YWLeftPanelViewController.m */ = {isa = PBXFileReference; fileEncoding = 4; lastKnownFileType = sourcecode.c.objc; path = YWLeftPanelViewController.m; sourceTree = "<group>"; };
		71C4C3D51C00549C005C0B20 /* YWCitySearchingViewController.xib */ = {isa = PBXFileReference; fileEncoding = 4; lastKnownFileType = file.xib; path = YWCitySearchingViewController.xib; sourceTree = "<group>"; };
		71C4C3DA1C0054D0005C0B20 /* YWLocationListViewController.xib */ = {isa = PBXFileReference; fileEncoding = 4; lastKnownFileType = file.xib; path = YWLocationListViewController.xib; sourceTree = "<group>"; };
		71FBC1851C008E2D00A5E78D /* YWLocationListViewController.h */ = {isa = PBXFileReference; fileEncoding = 4; lastKnownFileType = sourcecode.c.h; path = YWLocationListViewController.h; sourceTree = "<group>"; };
		71FBC1861C008E2D00A5E78D /* YWLocationListViewController.m */ = {isa = PBXFileReference; fileEncoding = 4; lastKnownFileType = sourcecode.c.objc; path = YWLocationListViewController.m; sourceTree = "<group>"; };
		71FBC1881C008E4C00A5E78D /* YWCitySearchingViewController.h */ = {isa = PBXFileReference; fileEncoding = 4; lastKnownFileType = sourcecode.c.h; path = YWCitySearchingViewController.h; sourceTree = "<group>"; };
		71FBC1891C008E4C00A5E78D /* YWCitySearchingViewController.m */ = {isa = PBXFileReference; fileEncoding = 4; lastKnownFileType = sourcecode.c.objc; path = YWCitySearchingViewController.m; sourceTree = "<group>"; };
		71FBC18B1C008E6100A5E78D /* YWSettingsViewController.h */ = {isa = PBXFileReference; fileEncoding = 4; lastKnownFileType = sourcecode.c.h; path = YWSettingsViewController.h; sourceTree = "<group>"; };
		71FBC18C1C008E6100A5E78D /* YWSettingsViewController.m */ = {isa = PBXFileReference; fileEncoding = 4; lastKnownFileType = sourcecode.c.objc; path = YWSettingsViewController.m; sourceTree = "<group>"; };
		71FBC18E1C008E8000A5E78D /* YWCenterViewController.h */ = {isa = PBXFileReference; fileEncoding = 4; lastKnownFileType = sourcecode.c.h; path = YWCenterViewController.h; sourceTree = "<group>"; };
		71FBC18F1C008E8000A5E78D /* YWCenterViewController.m */ = {isa = PBXFileReference; fileEncoding = 4; lastKnownFileType = sourcecode.c.objc; path = YWCenterViewController.m; sourceTree = "<group>"; };
		71FBC1931C00F68100A5E78D /* YWWeatherInfoCell.h */ = {isa = PBXFileReference; fileEncoding = 4; lastKnownFileType = sourcecode.c.h; path = YWWeatherInfoCell.h; sourceTree = "<group>"; };
		71FBC1941C00F68100A5E78D /* YWWeatherInfoCell.m */ = {isa = PBXFileReference; fileEncoding = 4; lastKnownFileType = sourcecode.c.objc; path = YWWeatherInfoCell.m; sourceTree = "<group>"; };
		7FB86D9D6F5E4E7E8F9E4F59 /* libPods-YahooWeather.a */ = {isa = PBXFileReference; explicitFileType = archive.ar; includeInIndex = 0; path = "libPods-YahooWeather.a"; sourceTree = BUILT_PRODUCTS_DIR; };
		E5F9FDE61E280F7EF918F373 /* Pods-YahooWeather.release.xcconfig */ = {isa = PBXFileReference; includeInIndex = 1; lastKnownFileType = text.xcconfig; name = "Pods-YahooWeather.release.xcconfig"; path = "Pods/Target Support Files/Pods-YahooWeather/Pods-YahooWeather.release.xcconfig"; sourceTree = "<group>"; };
/* End PBXFileReference section */

/* Begin PBXFrameworksBuildPhase section */
		719436141BF0668100B9D921 /* Frameworks */ = {
			isa = PBXFrameworksBuildPhase;
			buildActionMask = 2147483647;
			files = (
				F74EB531D6F8A52CCA8D5479 /* libPods-YahooWeather.a in Frameworks */,
			);
			runOnlyForDeploymentPostprocessing = 0;
		};
/* End PBXFrameworksBuildPhase section */

/* Begin PBXGroup section */
		31749AABE2A04A56732273AB /* Pods */ = {
			isa = PBXGroup;
			children = (
				0DC4533DD4843B14D305D67E /* Pods-YahooWeather.debug.xcconfig */,
				E5F9FDE61E280F7EF918F373 /* Pods-YahooWeather.release.xcconfig */,
			);
			name = Pods;
			sourceTree = "<group>";
		};
		7139354D1F53F4D200FC32F5 /* UI */ = {
			isa = PBXGroup;
			children = (
				713935611F5421D000FC32F5 /* YWWeatherInfoCell */,
				713935591F53FA1000FC32F5 /* YWMainViewController */,
				713935581F53F9E600FC32F5 /* YWLeftPanelViewController */,
				713935561F53F99D00FC32F5 /* YWLocationListViewController */,
				7139354F1F53F68400FC32F5 /* YWSettingsViewController */,
				7139354E1F53F65D00FC32F5 /* YWCitySearchingViewController */,
			);
			name = UI;
			sourceTree = "<group>";
		};
		7139354E1F53F65D00FC32F5 /* YWCitySearchingViewController */ = {
			isa = PBXGroup;
			children = (
				71FBC18F1C008E8000A5E78D /* YWCenterViewController.m */,
				71C4C3D51C00549C005C0B20 /* YWCitySearchingViewController.xib */,
				71FBC1881C008E4C00A5E78D /* YWCitySearchingViewController.h */,
				71FBC1891C008E4C00A5E78D /* YWCitySearchingViewController.m */,
			);
			name = YWCitySearchingViewController;
			sourceTree = "<group>";
		};
		7139354F1F53F68400FC32F5 /* YWSettingsViewController */ = {
			isa = PBXGroup;
			children = (
				71FBC18B1C008E6100A5E78D /* YWSettingsViewController.h */,
				71FBC18C1C008E6100A5E78D /* YWSettingsViewController.m */,
				71FBC18E1C008E8000A5E78D /* YWCenterViewController.h */,
			);
			name = YWSettingsViewController;
			sourceTree = "<group>";
		};
		713935511F53F8AB00FC32F5 /* Util */ = {
			isa = PBXGroup;
			children = (
				713935621F55043200FC32F5 /* Manager */,
				7139355D1F540A8300FC32F5 /* YWAPIKeyProvider */,
				7139355A1F53FA2B00FC32F5 /* YWManager */,
			);
			name = Util;
			sourceTree = "<group>";
		};
		713935531F53F8C000FC32F5 /* YWCondition */ = {
			isa = PBXGroup;
			children = (
				7194366A1BF0BC7700B9D921 /* YWCondition.h */,
				7194366B1BF0BC7700B9D921 /* YWCondition.m */,
			);
			name = YWCondition;
			sourceTree = "<group>";
		};
		713935541F53F8C900FC32F5 /* YWDailyForecast */ = {
			isa = PBXGroup;
			children = (
				7194366D1BF0BCA000B9D921 /* YWDailyForecast.h */,
				7194366E1BF0BCA000B9D921 /* YWDailyForecast.m */,
			);
			name = YWDailyForecast;
			sourceTree = "<group>";
		};
		713935551F53F8E700FC32F5 /* Model */ = {
			isa = PBXGroup;
			children = (
				713935541F53F8C900FC32F5 /* YWDailyForecast */,
				713935531F53F8C000FC32F5 /* YWCondition */,
			);
			name = Model;
			sourceTree = "<group>";
		};
		713935561F53F99D00FC32F5 /* YWLocationListViewController */ = {
			isa = PBXGroup;
			children = (
				71C4C3DA1C0054D0005C0B20 /* YWLocationListViewController.xib */,
				71FBC1851C008E2D00A5E78D /* YWLocationListViewController.h */,
				71FBC1861C008E2D00A5E78D /* YWLocationListViewController.m */,
			);
			name = YWLocationListViewController;
			sourceTree = "<group>";
		};
		713935571F53F9BC00FC32F5 /* AppDelegate */ = {
			isa = PBXGroup;
			children = (
				7194361D1BF0668100B9D921 /* AppDelegate.h */,
				7194361E1BF0668100B9D921 /* AppDelegate.m */,
			);
			name = AppDelegate;
			sourceTree = "<group>";
		};
		713935581F53F9E600FC32F5 /* YWLeftPanelViewController */ = {
			isa = PBXGroup;
			children = (
				71C4C3CE1C005406005C0B20 /* YWLeftPanelViewController.h */,
				71C4C3CF1C005406005C0B20 /* YWLeftPanelViewController.m */,
			);
			name = YWLeftPanelViewController;
			sourceTree = "<group>";
		};
		713935591F53FA1000FC32F5 /* YWMainViewController */ = {
			isa = PBXGroup;
			children = (
				710A70F71C04858C0059FB6F /* YWMainViewController.h */,
				710A70F81C04858C0059FB6F /* YWMainViewController.m */,
			);
			name = YWMainViewController;
			sourceTree = "<group>";
		};
		7139355A1F53FA2B00FC32F5 /* YWManager */ = {
			isa = PBXGroup;
			children = (
				719436671BF0BC5500B9D921 /* YWManager.h */,
				719436681BF0BC5500B9D921 /* YWManager.m */,
			);
			name = YWManager;
			sourceTree = "<group>";
		};
		7139355D1F540A8300FC32F5 /* YWAPIKeyProvider */ = {
			isa = PBXGroup;
			children = (
				7139355F1F540AF300FC32F5 /* YWAPIKeyProvider.swift */,
				7139355E1F540AF200FC32F5 /* YahooWeather-Bridging-Header.h */,
			);
			name = YWAPIKeyProvider;
			sourceTree = "<group>";
		};
		713935611F5421D000FC32F5 /* YWWeatherInfoCell */ = {
			isa = PBXGroup;
			children = (
				71FBC1931C00F68100A5E78D /* YWWeatherInfoCell.h */,
				71FBC1941C00F68100A5E78D /* YWWeatherInfoCell.m */,
			);
			name = YWWeatherInfoCell;
			sourceTree = "<group>";
		};
		713935621F55043200FC32F5 /* Manager */ = {
			isa = PBXGroup;
			children = (
				713935631F55043900FC32F5 /* YWAPIManager */,
			);
			name = Manager;
			sourceTree = "<group>";
		};
		713935631F55043900FC32F5 /* YWAPIManager */ = {
			isa = PBXGroup;
			children = (
				713935641F55045B00FC32F5 /* YWAPIManager.h */,
				713935651F55045B00FC32F5 /* YWAPIManager.m */,
			);
			name = YWAPIManager;
			sourceTree = "<group>";
		};
		7194360E1BF0668100B9D921 = {
			isa = PBXGroup;
			children = (
				719436191BF0668100B9D921 /* YahooWeather */,
				719436181BF0668100B9D921 /* Products */,
				31749AABE2A04A56732273AB /* Pods */,
				AA007EB7A7497F15B8313A06 /* Frameworks */,
			);
			sourceTree = "<group>";
		};
		719436181BF0668100B9D921 /* Products */ = {
			isa = PBXGroup;
			children = (
				719436171BF0668100B9D921 /* YahooWeather.app */,
			);
			name = Products;
			sourceTree = "<group>";
		};
		719436191BF0668100B9D921 /* YahooWeather */ = {
			isa = PBXGroup;
			children = (
				713935571F53F9BC00FC32F5 /* AppDelegate */,
				713935551F53F8E700FC32F5 /* Model */,
				713935511F53F8AB00FC32F5 /* Util */,
				7139354D1F53F4D200FC32F5 /* UI */,
				719436201BF0668100B9D921 /* Assets.xcassets */,
				7194362E1BF06ADF00B9D921 /* Images */,
				719436251BF0668100B9D921 /* Info.plist */,
				719436221BF0668100B9D921 /* LaunchScreen.storyboard */,
				7194361A1BF0668100B9D921 /* Supporting Files */,
			);
			path = YahooWeather;
			sourceTree = "<group>";
		};
		7194361A1BF0668100B9D921 /* Supporting Files */ = {
			isa = PBXGroup;
			children = (
				7194361B1BF0668100B9D921 /* main.m */,
			);
			name = "Supporting Files";
			sourceTree = "<group>";
		};
		7194362E1BF06ADF00B9D921 /* Images */ = {
			isa = PBXGroup;
			children = (
				719436311BF06ADF00B9D921 /* Weather Icons */,
			);
			path = Images;
			sourceTree = "<group>";
		};
		719436311BF06ADF00B9D921 /* Weather Icons */ = {
			isa = PBXGroup;
			children = (
				719436321BF06ADF00B9D921 /* weather-broken.png */,
				719436331BF06ADF00B9D921 /* weather-broken@2x.png */,
				719436341BF06ADF00B9D921 /* weather-clear.png */,
				719436351BF06ADF00B9D921 /* weather-clear@2x.png */,
				719436361BF06ADF00B9D921 /* weather-few-night.png */,
				719436371BF06ADF00B9D921 /* weather-few-night@2x.png */,
				719436381BF06ADF00B9D921 /* weather-few.png */,
				719436391BF06ADF00B9D921 /* weather-few@2x.png */,
				7194363A1BF06ADF00B9D921 /* weather-mist.png */,
				7194363B1BF06ADF00B9D921 /* weather-mist@2x.png */,
				7194363C1BF06ADF00B9D921 /* weather-moon.png */,
				7194363D1BF06ADF00B9D921 /* weather-moon@2x.png */,
				7194363E1BF06ADF00B9D921 /* weather-rain-night.png */,
				7194363F1BF06ADF00B9D921 /* weather-rain-night@2x.png */,
				719436401BF06ADF00B9D921 /* weather-rain.png */,
				719436411BF06ADF00B9D921 /* weather-rain@2x.png */,
				719436421BF06ADF00B9D921 /* weather-scattered.png */,
				719436431BF06ADF00B9D921 /* weather-scattered@2x.png */,
				719436441BF06ADF00B9D921 /* weather-shower.png */,
				719436451BF06ADF00B9D921 /* weather-shower@2x.png */,
				719436461BF06ADF00B9D921 /* weather-snow.png */,
				719436471BF06ADF00B9D921 /* weather-snow@2x.png */,
				719436481BF06ADF00B9D921 /* weather-tstorm.png */,
				719436491BF06ADF00B9D921 /* weather-tstorm@2x.png */,
			);
			path = "Weather Icons";
			sourceTree = "<group>";
		};
		AA007EB7A7497F15B8313A06 /* Frameworks */ = {
			isa = PBXGroup;
			children = (
				7FB86D9D6F5E4E7E8F9E4F59 /* libPods-YahooWeather.a */,
			);
			name = Frameworks;
			sourceTree = "<group>";
		};
/* End PBXGroup section */

/* Begin PBXNativeTarget section */
		719436161BF0668100B9D921 /* YahooWeather */ = {
			isa = PBXNativeTarget;
			buildConfigurationList = 719436281BF0668100B9D921 /* Build configuration list for PBXNativeTarget "YahooWeather" */;
			buildPhases = (
				099A871E489EA726189532BC /* [CP] Check Pods Manifest.lock */,
				719436131BF0668100B9D921 /* Sources */,
				719436141BF0668100B9D921 /* Frameworks */,
				719436151BF0668100B9D921 /* Resources */,
				1A0467FAD70F8FE6FC390E90 /* [CP] Embed Pods Frameworks */,
				D5693A5706FA5CFA9173099D /* [CP] Copy Pods Resources */,
			);
			buildRules = (
			);
			dependencies = (
			);
			name = YahooWeather;
			productName = YahooWeather;
			productReference = 719436171BF0668100B9D921 /* YahooWeather.app */;
			productType = "com.apple.product-type.application";
		};
/* End PBXNativeTarget section */

/* Begin PBXProject section */
		7194360F1BF0668100B9D921 /* Project object */ = {
			isa = PBXProject;
			attributes = {
				LastUpgradeCheck = 0710;
				ORGANIZATIONNAME = "Yuchen Zhan";
				TargetAttributes = {
					719436161BF0668100B9D921 = {
						CreatedOnToolsVersion = 7.1;
						DevelopmentTeam = FQNN9342A3;
						LastSwiftMigration = 0830;
					};
				};
			};
			buildConfigurationList = 719436121BF0668100B9D921 /* Build configuration list for PBXProject "YahooWeather" */;
			compatibilityVersion = "Xcode 3.2";
			developmentRegion = English;
			hasScannedForEncodings = 0;
			knownRegions = (
				en,
				Base,
			);
			mainGroup = 7194360E1BF0668100B9D921;
			productRefGroup = 719436181BF0668100B9D921 /* Products */;
			projectDirPath = "";
			projectRoot = "";
			targets = (
				719436161BF0668100B9D921 /* YahooWeather */,
			);
		};
/* End PBXProject section */

/* Begin PBXResourcesBuildPhase section */
		719436151BF0668100B9D921 /* Resources */ = {
			isa = PBXResourcesBuildPhase;
			buildActionMask = 2147483647;
			files = (
				719436631BF06ADF00B9D921 /* weather-tstorm@2x.png in Resources */,
				7194364C1BF06ADF00B9D921 /* weather-broken.png in Resources */,
				719436501BF06ADF00B9D921 /* weather-few-night.png in Resources */,
				71C4C3DC1C0054D0005C0B20 /* YWLocationListViewController.xib in Resources */,
				7194364E1BF06ADF00B9D921 /* weather-clear.png in Resources */,
				7194365D1BF06ADF00B9D921 /* weather-scattered@2x.png in Resources */,
				7194365B1BF06ADF00B9D921 /* weather-rain@2x.png in Resources */,
				719436511BF06ADF00B9D921 /* weather-few-night@2x.png in Resources */,
				719436541BF06ADF00B9D921 /* weather-mist.png in Resources */,
				719436601BF06ADF00B9D921 /* weather-snow.png in Resources */,
				71C4C3D71C00549C005C0B20 /* YWCitySearchingViewController.xib in Resources */,
				7194365A1BF06ADF00B9D921 /* weather-rain.png in Resources */,
				719436581BF06ADF00B9D921 /* weather-rain-night.png in Resources */,
				719436211BF0668100B9D921 /* Assets.xcassets in Resources */,
				719436571BF06ADF00B9D921 /* weather-moon@2x.png in Resources */,
				719436551BF06ADF00B9D921 /* weather-mist@2x.png in Resources */,
				719436621BF06ADF00B9D921 /* weather-tstorm.png in Resources */,
				7194365E1BF06ADF00B9D921 /* weather-shower.png in Resources */,
				719436561BF06ADF00B9D921 /* weather-moon.png in Resources */,
				719436591BF06ADF00B9D921 /* weather-rain-night@2x.png in Resources */,
				719436611BF06ADF00B9D921 /* weather-snow@2x.png in Resources */,
				7194365F1BF06ADF00B9D921 /* weather-shower@2x.png in Resources */,
				719436521BF06ADF00B9D921 /* weather-few.png in Resources */,
				719436531BF06ADF00B9D921 /* weather-few@2x.png in Resources */,
				7194364D1BF06ADF00B9D921 /* weather-broken@2x.png in Resources */,
				719436241BF0668100B9D921 /* LaunchScreen.storyboard in Resources */,
				7194365C1BF06ADF00B9D921 /* weather-scattered.png in Resources */,
				7194364F1BF06ADF00B9D921 /* weather-clear@2x.png in Resources */,
			);
			runOnlyForDeploymentPostprocessing = 0;
		};
/* End PBXResourcesBuildPhase section */

/* Begin PBXShellScriptBuildPhase section */
		099A871E489EA726189532BC /* [CP] Check Pods Manifest.lock */ = {
			isa = PBXShellScriptBuildPhase;
			buildActionMask = 2147483647;
			files = (
			);
			inputPaths = (
			);
			name = "[CP] Check Pods Manifest.lock";
			outputPaths = (
			);
			runOnlyForDeploymentPostprocessing = 0;
			shellPath = /bin/sh;
			shellScript = "diff \"${PODS_ROOT}/../Podfile.lock\" \"${PODS_ROOT}/Manifest.lock\" > /dev/null\nif [ $? != 0 ] ; then\n    # print error to STDERR\n    echo \"error: The sandbox is not in sync with the Podfile.lock. Run 'pod install' or update your CocoaPods installation.\" >&2\n    exit 1\nfi\n";
			showEnvVarsInLog = 0;
		};
		1A0467FAD70F8FE6FC390E90 /* [CP] Embed Pods Frameworks */ = {
			isa = PBXShellScriptBuildPhase;
			buildActionMask = 2147483647;
			files = (
			);
			inputPaths = (
			);
			name = "[CP] Embed Pods Frameworks";
			outputPaths = (
			);
			runOnlyForDeploymentPostprocessing = 0;
			shellPath = /bin/sh;
			shellScript = "\"${SRCROOT}/Pods/Target Support Files/Pods-YahooWeather/Pods-YahooWeather-frameworks.sh\"\n";
			showEnvVarsInLog = 0;
		};
		D5693A5706FA5CFA9173099D /* [CP] Copy Pods Resources */ = {
			isa = PBXShellScriptBuildPhase;
			buildActionMask = 2147483647;
			files = (
			);
			inputPaths = (
			);
			name = "[CP] Copy Pods Resources";
			outputPaths = (
			);
			runOnlyForDeploymentPostprocessing = 0;
			shellPath = /bin/sh;
			shellScript = "\"${SRCROOT}/Pods/Target Support Files/Pods-YahooWeather/Pods-YahooWeather-resources.sh\"\n";
			showEnvVarsInLog = 0;
		};
/* End PBXShellScriptBuildPhase section */

/* Begin PBXSourcesBuildPhase section */
		719436131BF0668100B9D921 /* Sources */ = {
			isa = PBXSourcesBuildPhase;
			buildActionMask = 2147483647;
			files = (
				71C4C3D11C005406005C0B20 /* YWLeftPanelViewController.m in Sources */,
				710A70F91C04858C0059FB6F /* YWMainViewController.m in Sources */,
				71FBC1951C00F68100A5E78D /* YWWeatherInfoCell.m in Sources */,
				7194366C1BF0BC7700B9D921 /* YWCondition.m in Sources */,
				713935601F540AF300FC32F5 /* YWAPIKeyProvider.swift in Sources */,
				71FBC1901C008E8000A5E78D /* YWCenterViewController.m in Sources */,
				713935661F55045B00FC32F5 /* YWAPIManager.m in Sources */,
				719436691BF0BC5500B9D921 /* YWManager.m in Sources */,
				7194366F1BF0BCA000B9D921 /* YWDailyForecast.m in Sources */,
				7194361F1BF0668100B9D921 /* AppDelegate.m in Sources */,
				71FBC1871C008E2D00A5E78D /* YWLocationListViewController.m in Sources */,
				71FBC18D1C008E6100A5E78D /* YWSettingsViewController.m in Sources */,
				71FBC18A1C008E4C00A5E78D /* YWCitySearchingViewController.m in Sources */,
				7194361C1BF0668100B9D921 /* main.m in Sources */,
			);
			runOnlyForDeploymentPostprocessing = 0;
		};
/* End PBXSourcesBuildPhase section */

/* Begin PBXVariantGroup section */
		719436221BF0668100B9D921 /* LaunchScreen.storyboard */ = {
			isa = PBXVariantGroup;
			children = (
				719436231BF0668100B9D921 /* Base */,
			);
			name = LaunchScreen.storyboard;
			sourceTree = "<group>";
		};
/* End PBXVariantGroup section */

/* Begin XCBuildConfiguration section */
		719436261BF0668100B9D921 /* Debug */ = {
			isa = XCBuildConfiguration;
			buildSettings = {
				ALWAYS_SEARCH_USER_PATHS = NO;
				CLANG_CXX_LANGUAGE_STANDARD = "gnu++0x";
				CLANG_CXX_LIBRARY = "libc++";
				CLANG_ENABLE_MODULES = YES;
				CLANG_ENABLE_OBJC_ARC = YES;
				CLANG_WARN_BOOL_CONVERSION = YES;
				CLANG_WARN_CONSTANT_CONVERSION = YES;
				CLANG_WARN_DIRECT_OBJC_ISA_USAGE = YES_ERROR;
				CLANG_WARN_EMPTY_BODY = YES;
				CLANG_WARN_ENUM_CONVERSION = YES;
				CLANG_WARN_INT_CONVERSION = YES;
				CLANG_WARN_OBJC_ROOT_CLASS = YES_ERROR;
				CLANG_WARN_UNREACHABLE_CODE = YES;
				CLANG_WARN__DUPLICATE_METHOD_MATCH = YES;
				"CODE_SIGN_IDENTITY[sdk=iphoneos*]" = "iPhone Developer";
				COPY_PHASE_STRIP = NO;
				DEBUG_INFORMATION_FORMAT = dwarf;
				ENABLE_STRICT_OBJC_MSGSEND = YES;
				ENABLE_TESTABILITY = YES;
				GCC_C_LANGUAGE_STANDARD = gnu99;
				GCC_DYNAMIC_NO_PIC = NO;
				GCC_NO_COMMON_BLOCKS = YES;
				GCC_OPTIMIZATION_LEVEL = 0;
				GCC_PREPROCESSOR_DEFINITIONS = (
					"DEBUG=1",
					"$(inherited)",
				);
				GCC_WARN_64_TO_32_BIT_CONVERSION = YES;
				GCC_WARN_ABOUT_RETURN_TYPE = YES_ERROR;
				GCC_WARN_UNDECLARED_SELECTOR = YES;
				GCC_WARN_UNINITIALIZED_AUTOS = YES_AGGRESSIVE;
				GCC_WARN_UNUSED_FUNCTION = YES;
				GCC_WARN_UNUSED_VARIABLE = YES;
				IPHONEOS_DEPLOYMENT_TARGET = 9.1;
				MTL_ENABLE_DEBUG_INFO = YES;
				ONLY_ACTIVE_ARCH = YES;
				SDKROOT = iphoneos;
			};
			name = Debug;
		};
		719436271BF0668100B9D921 /* Release */ = {
			isa = XCBuildConfiguration;
			buildSettings = {
				ALWAYS_SEARCH_USER_PATHS = NO;
				CLANG_CXX_LANGUAGE_STANDARD = "gnu++0x";
				CLANG_CXX_LIBRARY = "libc++";
				CLANG_ENABLE_MODULES = YES;
				CLANG_ENABLE_OBJC_ARC = YES;
				CLANG_WARN_BOOL_CONVERSION = YES;
				CLANG_WARN_CONSTANT_CONVERSION = YES;
				CLANG_WARN_DIRECT_OBJC_ISA_USAGE = YES_ERROR;
				CLANG_WARN_EMPTY_BODY = YES;
				CLANG_WARN_ENUM_CONVERSION = YES;
				CLANG_WARN_INT_CONVERSION = YES;
				CLANG_WARN_OBJC_ROOT_CLASS = YES_ERROR;
				CLANG_WARN_UNREACHABLE_CODE = YES;
				CLANG_WARN__DUPLICATE_METHOD_MATCH = YES;
				"CODE_SIGN_IDENTITY[sdk=iphoneos*]" = "iPhone Developer";
				COPY_PHASE_STRIP = NO;
				DEBUG_INFORMATION_FORMAT = "dwarf-with-dsym";
				ENABLE_NS_ASSERTIONS = NO;
				ENABLE_STRICT_OBJC_MSGSEND = YES;
				GCC_C_LANGUAGE_STANDARD = gnu99;
				GCC_NO_COMMON_BLOCKS = YES;
				GCC_WARN_64_TO_32_BIT_CONVERSION = YES;
				GCC_WARN_ABOUT_RETURN_TYPE = YES_ERROR;
				GCC_WARN_UNDECLARED_SELECTOR = YES;
				GCC_WARN_UNINITIALIZED_AUTOS = YES_AGGRESSIVE;
				GCC_WARN_UNUSED_FUNCTION = YES;
				GCC_WARN_UNUSED_VARIABLE = YES;
				IPHONEOS_DEPLOYMENT_TARGET = 9.1;
				MTL_ENABLE_DEBUG_INFO = NO;
				SDKROOT = iphoneos;
				VALIDATE_PRODUCT = YES;
			};
			name = Release;
		};
		719436291BF0668100B9D921 /* Debug */ = {
			isa = XCBuildConfiguration;
			baseConfigurationReference = 0DC4533DD4843B14D305D67E /* Pods-YahooWeather.debug.xcconfig */;
			buildSettings = {
				ASSETCATALOG_COMPILER_APPICON_NAME = AppIcon;
				CLANG_ENABLE_MODULES = YES;
				DEVELOPMENT_TEAM = FQNN9342A3;
				INFOPLIST_FILE = YahooWeather/Info.plist;
				LD_RUNPATH_SEARCH_PATHS = "$(inherited) @executable_path/Frameworks";
				PRODUCT_BUNDLE_IDENTIFIER = com.yuchenzhan.YahooWeather;
				PRODUCT_NAME = "$(TARGET_NAME)";
				SWIFT_OBJC_BRIDGING_HEADER = "YahooWeather/YahooWeather-Bridging-Header.h";
				SWIFT_OPTIMIZATION_LEVEL = "-Onone";
				SWIFT_VERSION = 3.0;
			};
			name = Debug;
		};
		7194362A1BF0668100B9D921 /* Release */ = {
			isa = XCBuildConfiguration;
			baseConfigurationReference = E5F9FDE61E280F7EF918F373 /* Pods-YahooWeather.release.xcconfig */;
			buildSettings = {
				ASSETCATALOG_COMPILER_APPICON_NAME = AppIcon;
				CLANG_ENABLE_MODULES = YES;
				DEVELOPMENT_TEAM = FQNN9342A3;
				INFOPLIST_FILE = YahooWeather/Info.plist;
				LD_RUNPATH_SEARCH_PATHS = "$(inherited) @executable_path/Frameworks";
				PRODUCT_BUNDLE_IDENTIFIER = com.yuchenzhan.YahooWeather;
				PRODUCT_NAME = "$(TARGET_NAME)";
				SWIFT_OBJC_BRIDGING_HEADER = "YahooWeather/YahooWeather-Bridging-Header.h";
				SWIFT_VERSION = 3.0;
			};
			name = Release;
		};
/* End XCBuildConfiguration section */

/* Begin XCConfigurationList section */
		719436121BF0668100B9D921 /* Build configuration list for PBXProject "YahooWeather" */ = {
			isa = XCConfigurationList;
			buildConfigurations = (
				719436261BF0668100B9D921 /* Debug */,
				719436271BF0668100B9D921 /* Release */,
			);
			defaultConfigurationIsVisible = 0;
			defaultConfigurationName = Release;
		};
		719436281BF0668100B9D921 /* Build configuration list for PBXNativeTarget "YahooWeather" */ = {
			isa = XCConfigurationList;
			buildConfigurations = (
				719436291BF0668100B9D921 /* Debug */,
				7194362A1BF0668100B9D921 /* Release */,
			);
			defaultConfigurationIsVisible = 0;
			defaultConfigurationName = Release;
		};
/* End XCConfigurationList section */
	};
	rootObject = 7194360F1BF0668100B9D921 /* Project object */;
}
