PODS:
  - HexColors (2.2.1)
  - LBBlurredImage (0.2.2)
  - Mantle (1.3.1):
    - Mantle/extobjc (= 1.3.1)
  - Mantle/extobjc (1.3.1)
  - ReactiveCocoa (2.5):
    - ReactiveCocoa/UI (= 2.5)
  - ReactiveCocoa/Core (2.5):
    - ReactiveCocoa/no-arc
  - ReactiveCocoa/no-arc (2.5)
  - ReactiveCocoa/UI (2.5):
    - ReactiveCocoa/Core
  - Reveal-iOS-SDK (1.6.1)
  - TSMessages (0.9.12):
    - HexColors (~> 2.2.0)

DEPENDENCIES:
  - LBBlurredImage
  - Mantle (= 1.3.1)
  - ReactiveCocoa (= 2.5)
  - Reveal-iOS-SDK
  - TSMessages

SPEC CHECKSUMS:
  HexColors: abfd172e329dab59888614ccba6f216cec59289d
  LBBlurredImage: 700634c17922bc2d22343118e7deb6a3ca12db43
  Mantle: a516570b84c3cefb34b02647a6588a087dddc490
  ReactiveCocoa: e2db045570aa97c695e7aa97c2bcab222ae51f4a
  Reveal-iOS-SDK: ceae964076cebe3efe63e5e9abe3152efce46aa8
  TSMessages: c8cc7b80f2a833af533872cd02010cac061532cc

COCOAPODS: 0.39.0
